# This file is automatically @generated by Cargo.
# It is not intended for manual editing.
version = 3

[[package]]
name = "addr2line"
version = "0.19.0"
source = "registry+https://github.com/rust-lang/crates.io-index"
checksum = "a76fd60b23679b7d19bd066031410fb7e458ccc5e958eb5c325888ce4baedc97"
dependencies = [
 "gimli",
]

[[package]]
name = "adler"
version = "1.0.2"
source = "registry+https://github.com/rust-lang/crates.io-index"
checksum = "f26201604c87b1e01bd3d98f8d5d9a8fcbb815e8cedb41ffccbeb4bf593a35fe"

[[package]]
name = "aead"
version = "0.3.2"
source = "registry+https://github.com/rust-lang/crates.io-index"
checksum = "7fc95d1bdb8e6666b2b217308eeeb09f2d6728d104be3e31916cc74d15420331"
dependencies = [
 "generic-array 0.14.6",
]

[[package]]
name = "aes"
version = "0.4.0"
source = "registry+https://github.com/rust-lang/crates.io-index"
checksum = "f7001367fde4c768a19d1029f0a8be5abd9308e1119846d5bd9ad26297b8faf5"
dependencies = [
 "aes-soft",
 "aesni",
 "block-cipher",
]

[[package]]
name = "aes-gcm"
version = "0.6.0"
source = "registry+https://github.com/rust-lang/crates.io-index"
checksum = "86f5007801316299f922a6198d1d09a0bae95786815d066d5880d13f7c45ead1"
dependencies = [
 "aead",
 "aes",
 "block-cipher",
 "ghash",
 "subtle 2.4.1",
]

[[package]]
name = "aes-soft"
version = "0.4.0"
source = "git+https://github.com/RustCrypto/block-ciphers?tag=aes-soft-v0.4.0#647476f23d4089926c7cf2bc01995f4e1dfd8b73"
dependencies = [
 "block-cipher",
 "byteorder",
 "opaque-debug 0.2.3",
]

[[package]]
name = "aesni"
version = "0.7.0"
source = "git+https://github.com/RustCrypto/block-ciphers?tag=aesni-v0.7.0#647476f23d4089926c7cf2bc01995f4e1dfd8b73"
dependencies = [
 "block-cipher",
 "opaque-debug 0.2.3",
]

[[package]]
name = "amcl"
version = "0.2.0"
source = "registry+https://github.com/rust-lang/crates.io-index"
checksum = "ee5cca1ddc8b9dceb55b7f1272a9d1e643d73006f350a20ab4926d24e33f0f0d"

[[package]]
name = "amcl_wrapper"
version = "0.4.0"
source = "registry+https://github.com/rust-lang/crates.io-index"
checksum = "8c7c7c7627444413f6a488bf9e6d352aea6fcfa281123cd92ecac0b3c9ef5ef2"
dependencies = [
 "byteorder",
 "lazy_static",
 "miracl_core",
 "rand",
 "rayon",
 "serde",
 "serde_bytes",
 "serde_json",
 "sha3",
 "subtle-encoding",
 "zeroize",
]

[[package]]
name = "arrayref"
version = "0.3.6"
source = "registry+https://github.com/rust-lang/crates.io-index"
checksum = "a4c527152e37cf757a3f78aae5a06fbeefdb07ccc535c980a3208ee3060dd544"

[[package]]
name = "arrayvec"
version = "0.7.2"
source = "registry+https://github.com/rust-lang/crates.io-index"
checksum = "8da52d66c7071e2e3fa2a1e5c6d088fec47b593032b254f5e980de8ea54454d6"

[[package]]
name = "autocfg"
version = "1.1.0"
source = "registry+https://github.com/rust-lang/crates.io-index"
checksum = "d468802bab17cbc0cc575e9b053f41e72aa36bfa6b7f55e3529ffa43161b97fa"

[[package]]
name = "backtrace"
version = "0.3.67"
source = "registry+https://github.com/rust-lang/crates.io-index"
checksum = "233d376d6d185f2a3093e58f283f60f880315b6c60075b01f36b3b85154564ca"
dependencies = [
 "addr2line",
 "cc",
 "cfg-if 1.0.0",
 "libc",
 "miniz_oxide",
 "object",
 "rustc-demangle",
]

[[package]]
name = "blake2"
version = "0.8.1"
source = "registry+https://github.com/rust-lang/crates.io-index"
checksum = "94cb07b0da6a73955f8fb85d24c466778e70cda767a568229b104f0264089330"
dependencies = [
 "byte-tools",
 "crypto-mac",
 "digest",
 "opaque-debug 0.2.3",
]

[[package]]
name = "block-buffer"
version = "0.7.3"
source = "registry+https://github.com/rust-lang/crates.io-index"
checksum = "c0940dc441f31689269e10ac70eb1002a3a1d3ad1390e030043662eb7fe4688b"
dependencies = [
 "block-padding",
 "byte-tools",
 "byteorder",
 "generic-array 0.12.4",
]

[[package]]
name = "block-cipher"
version = "0.7.1"
source = "registry+https://github.com/rust-lang/crates.io-index"
checksum = "fa136449e765dc7faa244561ccae839c394048667929af599b5d931ebe7b7f10"
dependencies = [
 "generic-array 0.14.6",
]

[[package]]
name = "block-modes"
version = "0.4.0"
source = "registry+https://github.com/rust-lang/crates.io-index"
checksum = "538b66bc25a51ce985544067a9c3e17d426447f468c495dd6cb00040e5953692"
dependencies = [
 "block-cipher",
 "block-padding",
]

[[package]]
name = "block-padding"
version = "0.1.5"
source = "registry+https://github.com/rust-lang/crates.io-index"
checksum = "fa79dedbb091f449f1f39e53edf88d5dbe95f895dae6135a8d7b881fb5af73f5"
dependencies = [
 "byte-tools",
]

[[package]]
name = "bumpalo"
version = "3.11.1"
source = "registry+https://github.com/rust-lang/crates.io-index"
checksum = "572f695136211188308f16ad2ca5c851a712c464060ae6974944458eb83880ba"

[[package]]
name = "byte-slice-cast"
version = "1.2.2"
source = "registry+https://github.com/rust-lang/crates.io-index"
checksum = "c3ac9f8b63eca6fd385229b3675f6cc0dc5c8a5c8a54a59d4f52ffd670d87b0c"

[[package]]
name = "byte-tools"
version = "0.3.1"
source = "registry+https://github.com/rust-lang/crates.io-index"
checksum = "e3b5ca7a04898ad4bcd41c90c5285445ff5b791899bb1b0abdd2a2aa791211d7"

[[package]]
name = "byteorder"
version = "1.4.3"
source = "registry+https://github.com/rust-lang/crates.io-index"
checksum = "14c189c53d098945499cdfa7ecc63567cf3886b3332b312a5b4585d8d3a6a610"

[[package]]
name = "c2-chacha"
version = "0.2.4"
source = "registry+https://github.com/rust-lang/crates.io-index"
checksum = "217192c943108d8b13bac38a1d51df9ce8a407a3f5a71ab633980665e68fbd9a"
dependencies = [
 "ppv-lite86",
]

[[package]]
name = "cc"
version = "1.0.78"
source = "registry+https://github.com/rust-lang/crates.io-index"
checksum = "a20104e2335ce8a659d6dd92a51a767a0c062599c73b343fd152cb401e828c3d"

[[package]]
name = "cfg-if"
version = "0.1.10"
source = "registry+https://github.com/rust-lang/crates.io-index"
checksum = "4785bdd1c96b2a846b2bd7cc02e86b6b3dbf14e7e53446c4f54c92a361040822"

[[package]]
name = "cfg-if"
version = "1.0.0"
source = "registry+https://github.com/rust-lang/crates.io-index"
checksum = "baf1de4339761588bc0619e3cbc0120ee582ebb74b53b4efbf79117bd2da40fd"

[[package]]
name = "chacha20"
version = "0.4.3"
source = "registry+https://github.com/rust-lang/crates.io-index"
checksum = "086c0f07ac275808b7bf9a39f2fd013aae1498be83632814c8c4e0bd53f2dc58"
dependencies = [
 "stream-cipher",
 "zeroize",
]

[[package]]
name = "chacha20poly1305"
version = "0.5.1"
source = "registry+https://github.com/rust-lang/crates.io-index"
checksum = "18b0c90556d8e3fec7cf18d84a2f53d27b21288f2fe481b830fadcf809e48205"
dependencies = [
 "aead",
 "chacha20",
 "poly1305",
 "stream-cipher",
 "zeroize",
]

[[package]]
name = "clear_on_drop"
version = "0.2.5"
source = "registry+https://github.com/rust-lang/crates.io-index"
checksum = "38508a63f4979f0048febc9966fadbd48e5dab31fd0ec6a3f151bbf4a74f7423"
dependencies = [
 "cc",
]

[[package]]
name = "console_error_panic_hook"
version = "0.1.7"
source = "registry+https://github.com/rust-lang/crates.io-index"
checksum = "a06aeb73f470f66dcdbf7223caeebb85984942f22f1adb2a088cf9668146bbbc"
dependencies = [
 "cfg-if 1.0.0",
 "wasm-bindgen",
]

[[package]]
name = "const-str"
version = "0.5.3"
source = "registry+https://github.com/rust-lang/crates.io-index"
checksum = "a5bc011a04793b8ce7bca0efd59e3697c2061760df6efbb8c895e8a81548db67"
dependencies = [
 "const-str-proc-macro",
]

[[package]]
name = "const-str-proc-macro"
version = "0.5.3"
source = "registry+https://github.com/rust-lang/crates.io-index"
checksum = "e81ac48bb3e2e96281e0efbb9968ddd143d3752ace7253bd0909a55343e969e6"
dependencies = [
 "proc-macro2",
 "quote",
 "syn 1.0.107",
]

[[package]]
name = "cpufeatures"
version = "0.2.5"
source = "registry+https://github.com/rust-lang/crates.io-index"
checksum = "28d997bd5e24a5928dd43e46dc529867e207907fe0b239c3477d924f7f2ca320"
dependencies = [
 "libc",
]

[[package]]
name = "cpuid-bool"
version = "0.2.0"
source = "registry+https://github.com/rust-lang/crates.io-index"
checksum = "dcb25d077389e53838a8158c8e99174c5a9d902dee4904320db714f3c653ffba"

[[package]]
name = "crossbeam-channel"
version = "0.5.6"
source = "registry+https://github.com/rust-lang/crates.io-index"
checksum = "c2dd04ddaf88237dc3b8d8f9a3c1004b506b54b3313403944054d23c0870c521"
dependencies = [
 "cfg-if 1.0.0",
 "crossbeam-utils",
]

[[package]]
name = "crossbeam-deque"
version = "0.8.2"
source = "registry+https://github.com/rust-lang/crates.io-index"
checksum = "715e8152b692bba2d374b53d4875445368fdf21a94751410af607a5ac677d1fc"
dependencies = [
 "cfg-if 1.0.0",
 "crossbeam-epoch",
 "crossbeam-utils",
]

[[package]]
name = "crossbeam-epoch"
version = "0.9.13"
source = "registry+https://github.com/rust-lang/crates.io-index"
checksum = "01a9af1f4c2ef74bb8aa1f7e19706bc72d03598c8a570bb5de72243c7a9d9d5a"
dependencies = [
 "autocfg",
 "cfg-if 1.0.0",
 "crossbeam-utils",
 "memoffset",
 "scopeguard",
]

[[package]]
name = "crossbeam-utils"
version = "0.8.14"
source = "registry+https://github.com/rust-lang/crates.io-index"
checksum = "4fb766fa798726286dbbb842f174001dab8abc7b627a1dd86e0b7222a95d929f"
dependencies = [
 "cfg-if 1.0.0",
]

[[package]]
name = "crunchy"
version = "0.2.2"
source = "registry+https://github.com/rust-lang/crates.io-index"
checksum = "7a81dae078cea95a014a339291cec439d2f232ebe854a9d672b796c6afafa9b7"

[[package]]
name = "crypto-mac"
version = "0.7.0"
source = "registry+https://github.com/rust-lang/crates.io-index"
checksum = "4434400df11d95d556bac068ddfedd482915eb18fe8bea89bc80b6e4b1c179e5"
dependencies = [
 "generic-array 0.12.4",
 "subtle 1.0.0",
]

[[package]]
name = "curve25519-dalek"
version = "2.1.3"
source = "registry+https://github.com/rust-lang/crates.io-index"
checksum = "4a9b85542f99a2dfa2a1b8e192662741c9859a846b296bef1c92ef9b58b5a216"
dependencies = [
 "byteorder",
 "digest",
 "rand_core",
 "subtle 2.4.1",
 "zeroize",
]

[[package]]
name = "darling"
version = "0.20.3"
source = "registry+https://github.com/rust-lang/crates.io-index"
checksum = "0209d94da627ab5605dcccf08bb18afa5009cfbef48d8a8b7d7bdbc79be25c5e"
dependencies = [
 "darling_core",
 "darling_macro",
]

[[package]]
name = "darling_core"
version = "0.20.3"
source = "registry+https://github.com/rust-lang/crates.io-index"
checksum = "177e3443818124b357d8e76f53be906d60937f0d3a90773a664fa63fa253e621"
dependencies = [
 "fnv",
 "ident_case",
 "proc-macro2",
 "quote",
 "strsim",
 "syn 2.0.38",
]

[[package]]
name = "darling_macro"
version = "0.20.3"
source = "registry+https://github.com/rust-lang/crates.io-index"
checksum = "836a9bbc7ad63342d6d6e7b815ccab164bc77a2d95d84bc3117a8c0d5c98e2d5"
dependencies = [
 "darling_core",
 "quote",
 "syn 2.0.38",
]

[[package]]
name = "derive_more"
version = "0.99.17"
source = "registry+https://github.com/rust-lang/crates.io-index"
checksum = "4fb810d30a7c1953f91334de7244731fc3f3c10d7fe163338a35b9f640960321"
dependencies = [
 "proc-macro2",
 "quote",
 "syn 1.0.107",
]

[[package]]
name = "digest"
version = "0.8.1"
source = "registry+https://github.com/rust-lang/crates.io-index"
checksum = "f3d0c8c8752312f9713efd397ff63acb9f85585afbf179282e720e7704954dd5"
dependencies = [
 "generic-array 0.12.4",
]

[[package]]
name = "displaydoc"
version = "0.2.4"
source = "registry+https://github.com/rust-lang/crates.io-index"
checksum = "487585f4d0c6655fe74905e2504d8ad6908e4db67f744eb140876906c2f3175d"
dependencies = [
 "proc-macro2",
 "quote",
 "syn 2.0.38",
]

[[package]]
name = "ed25519-dalek"
version = "1.0.0-pre.3"
source = "registry+https://github.com/rust-lang/crates.io-index"
checksum = "978710b352437433c97b2bff193f2fb1dfd58a093f863dd95e225a19baa599a2"
dependencies = [
 "clear_on_drop",
 "curve25519-dalek",
 "rand",
 "sha2",
]

[[package]]
name = "either"
version = "1.8.0"
source = "registry+https://github.com/rust-lang/crates.io-index"
checksum = "90e5c1c8368803113bf0c9584fc495a58b86dc8a29edbf8fe877d21d9507e797"

[[package]]
name = "failure"
version = "0.1.8"
source = "registry+https://github.com/rust-lang/crates.io-index"
checksum = "d32e9bd16cc02eae7db7ef620b392808b89f6a5e16bb3497d159c6b92a0f4f86"
dependencies = [
 "backtrace",
 "failure_derive",
]

[[package]]
name = "failure_derive"
version = "0.1.8"
source = "registry+https://github.com/rust-lang/crates.io-index"
checksum = "aa4da3c766cd7a0db8242e326e9e4e081edd567072893ed320008189715366a4"
dependencies = [
 "proc-macro2",
 "quote",
 "syn 1.0.107",
 "synstructure",
]

[[package]]
name = "fake-simd"
version = "0.1.2"
source = "registry+https://github.com/rust-lang/crates.io-index"
checksum = "e88a8acf291dafb59c2d96e8f59828f3838bb1a70398823ade51a84de6a6deed"

[[package]]
name = "fixnum"
version = "0.9.2"
source = "registry+https://github.com/rust-lang/crates.io-index"
checksum = "9a312dd8b1a9875c6a2ddf253caa740804857615a478aa576d6982a41782516f"
dependencies = [
 "derive_more",
 "itoa",
 "parity-scale-codec",
 "serde",
 "static_assertions",
 "typenum",
]

[[package]]
name = "fnv"
version = "1.0.7"
source = "registry+https://github.com/rust-lang/crates.io-index"
checksum = "3f9eec918d3f24069decb9af1554cad7c880e2da24a9afd88aca000531ab82c1"

[[package]]
name = "generic-array"
version = "0.12.4"
source = "registry+https://github.com/rust-lang/crates.io-index"
checksum = "ffdf9f34f1447443d37393cc6c2b8313aebddcd96906caf34e54c68d8e57d7bd"
dependencies = [
 "typenum",
]

[[package]]
name = "generic-array"
version = "0.14.6"
source = "registry+https://github.com/rust-lang/crates.io-index"
checksum = "bff49e947297f3312447abdca79f45f4738097cc82b06e72054d2223f601f1b9"
dependencies = [
 "typenum",
 "version_check",
]

[[package]]
name = "getrandom"
version = "0.1.16"
source = "registry+https://github.com/rust-lang/crates.io-index"
checksum = "8fc3cb4d91f53b50155bdcfd23f6a4c39ae1969c2ae85982b135750cccaf5fce"
dependencies = [
 "cfg-if 1.0.0",
 "js-sys",
 "libc",
 "wasi 0.9.0+wasi-snapshot-preview1",
 "wasm-bindgen",
]

[[package]]
name = "ghash"
version = "0.3.1"
source = "registry+https://github.com/rust-lang/crates.io-index"
checksum = "97304e4cd182c3846f7575ced3890c53012ce534ad9114046b0a9e00bb30a375"
dependencies = [
 "opaque-debug 0.3.0",
 "polyval",
]

[[package]]
name = "gimli"
version = "0.27.0"
source = "registry+https://github.com/rust-lang/crates.io-index"
checksum = "dec7af912d60cdbd3677c1af9352ebae6fb8394d165568a2234df0fa00f87793"

[[package]]
name = "glass_pumpkin"
version = "0.4.0"
source = "registry+https://github.com/rust-lang/crates.io-index"
checksum = "5eac7b86325ee905c72e2cb43a80b1ebe6ea82d7f0854d669190bcdc4b927762"
dependencies = [
 "lazy_static",
 "num-bigint",
 "num-integer",
 "num-traits",
 "rand",
]

[[package]]
name = "hermit-abi"
version = "0.2.6"
source = "registry+https://github.com/rust-lang/crates.io-index"
checksum = "ee512640fe35acbfb4bb779db6f0d80704c2cacfa2e39b601ef3e3f47d1ae4c7"
dependencies = [
 "libc",
]

[[package]]
name = "hex"
version = "0.4.3"
source = "registry+https://github.com/rust-lang/crates.io-index"
checksum = "7f24254aa9a54b5c858eaee2f5bccdb46aaf0e486a595ed5fd8f86ba55232a70"
dependencies = [
 "serde",
]

[[package]]
name = "hex-literal"
version = "0.2.2"
source = "registry+https://github.com/rust-lang/crates.io-index"
checksum = "d70693199b3cf4552f3fa720b54163927a3ebed2aef240efaf556033ab336a11"
dependencies = [
 "hex-literal-impl",
 "proc-macro-hack",
]

[[package]]
name = "hex-literal-impl"
version = "0.2.3"
source = "registry+https://github.com/rust-lang/crates.io-index"
checksum = "59448fc2f82a5fb6907f78c3d69d843e82ff5b051923313cc4438cb0c7b745a8"
dependencies = [
 "proc-macro-hack",
]

[[package]]
name = "hkdf"
version = "0.8.0"
source = "registry+https://github.com/rust-lang/crates.io-index"
checksum = "3fa08a006102488bd9cd5b8013aabe84955cf5ae22e304c2caf655b633aefae3"
dependencies = [
 "digest",
 "hmac",
]

[[package]]
name = "hmac"
version = "0.7.1"
source = "registry+https://github.com/rust-lang/crates.io-index"
checksum = "5dcb5e64cda4c23119ab41ba960d1e170a774c8e4b9d9e6a9bc18aabf5e59695"
dependencies = [
 "crypto-mac",
 "digest",
]

[[package]]
name = "hmac-drbg"
version = "0.2.0"
source = "registry+https://github.com/rust-lang/crates.io-index"
checksum = "c6e570451493f10f6581b48cdd530413b63ea9e780f544bfd3bdcaa0d89d1a7b"
dependencies = [
 "digest",
 "generic-array 0.12.4",
 "hmac",
]

[[package]]
name = "ident_case"
version = "1.0.1"
source = "registry+https://github.com/rust-lang/crates.io-index"
checksum = "b9e0384b61958566e926dc50660321d12159025e767c18e043daf26b70104c39"

[[package]]
name = "impl-trait-for-tuples"
version = "0.2.2"
source = "registry+https://github.com/rust-lang/crates.io-index"
checksum = "11d7a9f6330b71fea57921c9b61c47ee6e84f72d394754eff6163ae67e7395eb"
dependencies = [
 "proc-macro2",
 "quote",
 "syn 1.0.107",
]

[[package]]
name = "int_traits"
version = "0.1.1"
source = "registry+https://github.com/rust-lang/crates.io-index"
checksum = "b33c9a5c599d67d051c4dc25eb1b6b4ef715d1763c20c85c688717a1734f204e"

[[package]]
name = "iroha_crypto_wasm"
version = "0.2.0"
dependencies = [
 "console_error_panic_hook",
 "const-str",
 "derive_more",
 "hex",
 "hex-literal",
 "iroha_primitives",
 "parity-scale-codec",
 "serde",
 "serde-wasm-bindgen",
 "serde_json",
 "ursa",
 "wasm-bindgen",
 "wasm-bindgen-test",
 "wee_alloc",
]

[[package]]
name = "iroha_derive"
version = "2.0.0-pre-rc.20"
dependencies = [
 "darling",
 "manyhow",
 "proc-macro2",
 "quote",
 "syn 2.0.38",
]

[[package]]
name = "iroha_macro"
version = "2.0.0-pre-rc.20"
dependencies = [
 "iroha_derive",
]

[[package]]
name = "iroha_primitives"
version = "2.0.0-pre-rc.20"
dependencies = [
 "derive_more",
 "displaydoc",
 "fixnum",
 "iroha_macro",
 "iroha_primitives_derive",
 "iroha_schema",
 "parity-scale-codec",
 "serde",
 "serde_with",
 "smallstr",
 "smallvec",
]

[[package]]
name = "iroha_primitives_derive"
version = "2.0.0-pre-rc.20"
dependencies = [
 "manyhow",
 "proc-macro2",
 "quote",
 "syn 2.0.38",
]

[[package]]
name = "iroha_schema"
version = "2.0.0-pre-rc.20"
dependencies = [
 "fixnum",
 "iroha_schema_derive",
 "serde",
]

[[package]]
name = "iroha_schema_derive"
version = "2.0.0-pre-rc.20"
dependencies = [
 "darling",
 "manyhow",
 "proc-macro2",
 "quote",
 "syn 2.0.38",
]

[[package]]
name = "itoa"
version = "1.0.5"
source = "registry+https://github.com/rust-lang/crates.io-index"
checksum = "fad582f4b9e86b6caa621cabeb0963332d92eea04729ab12892c2533951e6440"

[[package]]
name = "js-sys"
version = "0.3.60"
source = "registry+https://github.com/rust-lang/crates.io-index"
checksum = "49409df3e3bf0856b916e2ceaca09ee28e6871cf7d9ce97a692cacfdb2a25a47"
dependencies = [
 "wasm-bindgen",
]

[[package]]
name = "keccak"
version = "0.1.3"
source = "registry+https://github.com/rust-lang/crates.io-index"
checksum = "3afef3b6eff9ce9d8ff9b3601125eec7f0c8cbac7abd14f355d053fa56c98768"
dependencies = [
 "cpufeatures",
]

[[package]]
name = "lazy_static"
version = "1.4.0"
source = "registry+https://github.com/rust-lang/crates.io-index"
checksum = "e2abad23fbc42b3700f2f279844dc832adb2b2eb069b2df918f455c4e18cc646"

[[package]]
name = "libc"
version = "0.2.139"
source = "registry+https://github.com/rust-lang/crates.io-index"
checksum = "201de327520df007757c1f0adce6e827fe8562fbc28bfd9c15571c66ca1f5f79"

[[package]]
name = "libsecp256k1"
version = "0.3.5"
source = "registry+https://github.com/rust-lang/crates.io-index"
checksum = "1fc1e2c808481a63dc6da2074752fdd4336a3c8fcc68b83db6f1fd5224ae7962"
dependencies = [
 "arrayref",
 "crunchy",
 "digest",
 "hmac-drbg",
 "rand",
 "sha2",
 "subtle 2.4.1",
 "typenum",
]

[[package]]
name = "log"
version = "0.4.17"
source = "registry+https://github.com/rust-lang/crates.io-index"
checksum = "abb12e687cfb44aa40f41fc3978ef76448f9b6038cad6aef4259d3c095a2382e"
dependencies = [
 "cfg-if 1.0.0",
]

[[package]]
name = "manyhow"
version = "0.8.1"
source = "registry+https://github.com/rust-lang/crates.io-index"
checksum = "516b76546495d933baa165075b95c0a15e8f7ef75e53f56b19b7144d80fd52bd"
dependencies = [
 "darling_core",
 "manyhow-macros",
 "proc-macro2",
 "quote",
 "syn 1.0.107",
 "syn 2.0.38",
]

[[package]]
name = "manyhow-macros"
version = "0.8.1"
source = "registry+https://github.com/rust-lang/crates.io-index"
checksum = "8ba072c0eadade3160232e70893311f1f8903974488096e2eb8e48caba2f0cf1"
dependencies = [
 "proc-macro-utils",
 "proc-macro2",
 "quote",
]

[[package]]
name = "memchr"
version = "2.5.0"
source = "registry+https://github.com/rust-lang/crates.io-index"
checksum = "2dffe52ecf27772e601905b7522cb4ef790d2cc203488bbd0e2fe85fcb74566d"

[[package]]
name = "memoffset"
version = "0.7.1"
source = "registry+https://github.com/rust-lang/crates.io-index"
checksum = "5de893c32cde5f383baa4c04c5d6dbdd735cfd4a794b0debdb2bb1b421da5ff4"
dependencies = [
 "autocfg",
]

[[package]]
name = "memory_units"
version = "0.4.0"
source = "registry+https://github.com/rust-lang/crates.io-index"
checksum = "8452105ba047068f40ff7093dd1d9da90898e63dd61736462e9cdda6a90ad3c3"

[[package]]
name = "miniz_oxide"
version = "0.6.2"
source = "registry+https://github.com/rust-lang/crates.io-index"
checksum = "b275950c28b37e794e8c55d88aeb5e139d0ce23fdbbeda68f8d7174abdf9e8fa"
dependencies = [
 "adler",
]

[[package]]
name = "miracl_core"
version = "1.0.0"
source = "registry+https://github.com/rust-lang/crates.io-index"
checksum = "4330eca86d39f2b52d0481aa1e90fe21bfa61f11b0bf9b48ab95595013cefe48"

[[package]]
name = "num-bigint"
version = "0.3.3"
source = "registry+https://github.com/rust-lang/crates.io-index"
checksum = "5f6f7833f2cbf2360a6cfd58cd41a53aa7a90bd4c202f5b1c7dd2ed73c57b2c3"
dependencies = [
 "autocfg",
 "num-integer",
 "num-traits",
 "rand",
]

[[package]]
name = "num-integer"
version = "0.1.42"
source = "registry+https://github.com/rust-lang/crates.io-index"
checksum = "3f6ea62e9d81a77cd3ee9a2a5b9b609447857f3d358704331e4ef39eb247fcba"
dependencies = [
 "autocfg",
 "num-traits",
]

[[package]]
name = "num-traits"
version = "0.2.11"
source = "registry+https://github.com/rust-lang/crates.io-index"
checksum = "c62be47e61d1842b9170f0fdeec8eba98e60e90e5446449a0545e5152acd7096"
dependencies = [
 "autocfg",
]

[[package]]
name = "num_cpus"
version = "1.15.0"
source = "registry+https://github.com/rust-lang/crates.io-index"
checksum = "0fac9e2da13b5eb447a6ce3d392f23a29d8694bff781bf03a16cd9ac8697593b"
dependencies = [
 "hermit-abi",
 "libc",
]

[[package]]
name = "object"
version = "0.30.2"
source = "registry+https://github.com/rust-lang/crates.io-index"
checksum = "2b8c786513eb403643f2a88c244c2aaa270ef2153f55094587d0c48a3cf22a83"
dependencies = [
 "memchr",
]

[[package]]
name = "once_cell"
version = "1.17.0"
source = "registry+https://github.com/rust-lang/crates.io-index"
checksum = "6f61fba1741ea2b3d6a1e3178721804bb716a68a6aeba1149b5d52e3d464ea66"

[[package]]
name = "opaque-debug"
version = "0.2.3"
source = "registry+https://github.com/rust-lang/crates.io-index"
checksum = "2839e79665f131bdb5782e51f2c6c9599c133c6098982a54c794358bf432529c"

[[package]]
name = "opaque-debug"
version = "0.3.0"
source = "registry+https://github.com/rust-lang/crates.io-index"
checksum = "624a8340c38c1b80fd549087862da4ba43e08858af025b236e509b6649fc13d5"

[[package]]
name = "parity-scale-codec"
version = "3.6.5"
source = "registry+https://github.com/rust-lang/crates.io-index"
checksum = "0dec8a8073036902368c2cdc0387e85ff9a37054d7e7c98e592145e0c92cd4fb"
dependencies = [
 "arrayvec",
 "byte-slice-cast",
 "impl-trait-for-tuples",
 "parity-scale-codec-derive",
]

[[package]]
name = "parity-scale-codec-derive"
version = "3.6.5"
source = "registry+https://github.com/rust-lang/crates.io-index"
checksum = "312270ee71e1cd70289dacf597cab7b207aa107d2f28191c2ae45b2ece18a260"
dependencies = [
 "proc-macro-crate",
 "proc-macro2",
 "quote",
 "syn 1.0.107",
]

[[package]]
name = "poly1305"
version = "0.6.2"
source = "registry+https://github.com/rust-lang/crates.io-index"
checksum = "4b7456bc1ad2d4cf82b3a016be4c2ac48daf11bf990c1603ebd447fe6f30fca8"
dependencies = [
 "cpuid-bool",
 "universal-hash",
]

[[package]]
name = "polyval"
version = "0.4.5"
source = "registry+https://github.com/rust-lang/crates.io-index"
checksum = "eebcc4aa140b9abd2bc40d9c3f7ccec842679cd79045ac3a7ac698c1a064b7cd"
dependencies = [
 "cpuid-bool",
 "opaque-debug 0.3.0",
 "universal-hash",
]

[[package]]
name = "ppv-lite86"
version = "0.2.17"
source = "registry+https://github.com/rust-lang/crates.io-index"
checksum = "5b40af805b3121feab8a3c29f04d8ad262fa8e0561883e7653e024ae4479e6de"

[[package]]
name = "proc-macro-crate"
version = "1.2.1"
source = "registry+https://github.com/rust-lang/crates.io-index"
checksum = "eda0fc3b0fb7c975631757e14d9049da17374063edb6ebbcbc54d880d4fe94e9"
dependencies = [
 "once_cell",
 "thiserror",
 "toml",
]

[[package]]
name = "proc-macro-hack"
version = "0.5.20+deprecated"
source = "registry+https://github.com/rust-lang/crates.io-index"
checksum = "dc375e1527247fe1a97d8b7156678dfe7c1af2fc075c9a4db3690ecd2a148068"

[[package]]
name = "proc-macro-utils"
version = "0.8.0"
source = "registry+https://github.com/rust-lang/crates.io-index"
checksum = "3f59e109e2f795a5070e69578c4dc101068139f74616778025ae1011d4cd41a8"
dependencies = [
 "proc-macro2",
 "quote",
 "smallvec",
]

[[package]]
name = "proc-macro2"
version = "1.0.69"
source = "registry+https://github.com/rust-lang/crates.io-index"
checksum = "134c189feb4956b20f6f547d2cf727d4c0fe06722b20a0eec87ed445a97f92da"
dependencies = [
 "unicode-ident",
]

[[package]]
name = "quote"
version = "1.0.33"
source = "registry+https://github.com/rust-lang/crates.io-index"
checksum = "5267fca4496028628a95160fc423a33e8b2e6af8a5302579e322e4b520293cae"
dependencies = [
 "proc-macro2",
]

[[package]]
name = "rand"
version = "0.7.3"
source = "registry+https://github.com/rust-lang/crates.io-index"
checksum = "6a6b1679d49b24bbfe0c803429aa1874472f50d9b363131f0e89fc356b544d03"
dependencies = [
 "getrandom",
 "libc",
 "rand_chacha",
 "rand_core",
 "rand_hc",
]

[[package]]
name = "rand_chacha"
version = "0.2.1"
source = "registry+https://github.com/rust-lang/crates.io-index"
checksum = "03a2a90da8c7523f554344f921aa97283eadf6ac484a6d2a7d0212fa7f8d6853"
dependencies = [
 "c2-chacha",
 "rand_core",
]

[[package]]
name = "rand_core"
version = "0.5.1"
source = "registry+https://github.com/rust-lang/crates.io-index"
checksum = "90bde5296fc891b0cef12a6d03ddccc162ce7b2aff54160af9338f8d40df6d19"
dependencies = [
 "getrandom",
]

[[package]]
name = "rand_hc"
version = "0.2.0"
source = "registry+https://github.com/rust-lang/crates.io-index"
checksum = "ca3129af7b92a17112d59ad498c6f81eaf463253766b90396d39ea7a39d6613c"
dependencies = [
 "rand_core",
]

[[package]]
name = "rayon"
version = "1.6.1"
source = "registry+https://github.com/rust-lang/crates.io-index"
checksum = "6db3a213adf02b3bcfd2d3846bb41cb22857d131789e01df434fb7e7bc0759b7"
dependencies = [
 "either",
 "rayon-core",
]

[[package]]
name = "rayon-core"
version = "1.10.1"
source = "registry+https://github.com/rust-lang/crates.io-index"
checksum = "cac410af5d00ab6884528b4ab69d1e8e146e8d471201800fa1b4524126de6ad3"
dependencies = [
 "crossbeam-channel",
 "crossbeam-deque",
 "crossbeam-utils",
 "num_cpus",
]

[[package]]
name = "rustc-demangle"
version = "0.1.21"
source = "registry+https://github.com/rust-lang/crates.io-index"
checksum = "7ef03e0a2b150c7a90d01faf6254c9c48a41e95fb2a8c2ac1c6f0d2b9aefc342"

[[package]]
name = "ryu"
version = "1.0.12"
source = "registry+https://github.com/rust-lang/crates.io-index"
checksum = "7b4b9743ed687d4b4bcedf9ff5eaa7398495ae14e61cba0a295704edbc7decde"

[[package]]
name = "scoped-tls"
version = "1.0.1"
source = "registry+https://github.com/rust-lang/crates.io-index"
checksum = "e1cf6437eb19a8f4a6cc0f7dca544973b0b78843adbfeb3683d1a94a0024a294"

[[package]]
name = "scopeguard"
version = "1.1.0"
source = "registry+https://github.com/rust-lang/crates.io-index"
checksum = "d29ab0c6d3fc0ee92fe66e2d99f700eab17a8d57d1c1d3b748380fb20baa78cd"

[[package]]
name = "serde"
version = "1.0.189"
source = "registry+https://github.com/rust-lang/crates.io-index"
checksum = "8e422a44e74ad4001bdc8eede9a4570ab52f71190e9c076d14369f38b9200537"
dependencies = [
 "serde_derive",
]

[[package]]
name = "serde-wasm-bindgen"
version = "0.4.5"
source = "registry+https://github.com/rust-lang/crates.io-index"
checksum = "e3b4c031cd0d9014307d82b8abf653c0290fbdaeb4c02d00c63cf52f728628bf"
dependencies = [
 "js-sys",
 "serde",
 "wasm-bindgen",
]

[[package]]
name = "serde_bytes"
version = "0.11.8"
source = "registry+https://github.com/rust-lang/crates.io-index"
checksum = "718dc5fff5b36f99093fc49b280cfc96ce6fc824317783bff5a1fed0c7a64819"
dependencies = [
 "serde",
]

[[package]]
name = "serde_derive"
version = "1.0.189"
source = "registry+https://github.com/rust-lang/crates.io-index"
checksum = "1e48d1f918009ce3145511378cf68d613e3b3d9137d67272562080d68a2b32d5"
dependencies = [
 "proc-macro2",
 "quote",
 "syn 2.0.38",
]

[[package]]
name = "serde_json"
version = "1.0.91"
source = "registry+https://github.com/rust-lang/crates.io-index"
checksum = "877c235533714907a8c2464236f5c4b2a17262ef1bd71f38f35ea592c8da6883"
dependencies = [
 "itoa",
 "ryu",
 "serde",
]

[[package]]
name = "serde_with"
version = "3.3.0"
source = "registry+https://github.com/rust-lang/crates.io-index"
checksum = "1ca3b16a3d82c4088f343b7480a93550b3eabe1a358569c2dfe38bbcead07237"
dependencies = [
 "serde",
 "serde_with_macros",
]

[[package]]
name = "serde_with_macros"
version = "3.3.0"
source = "registry+https://github.com/rust-lang/crates.io-index"
checksum = "2e6be15c453eb305019bfa438b1593c731f36a289a7853f7707ee29e870b3b3c"
dependencies = [
 "darling",
 "proc-macro2",
 "quote",
 "syn 2.0.38",
]

[[package]]
name = "sha2"
version = "0.8.2"
source = "registry+https://github.com/rust-lang/crates.io-index"
checksum = "a256f46ea78a0c0d9ff00077504903ac881a1dafdc20da66545699e7776b3e69"
dependencies = [
 "block-buffer",
 "digest",
 "fake-simd",
 "opaque-debug 0.2.3",
]

[[package]]
name = "sha3"
version = "0.8.2"
source = "registry+https://github.com/rust-lang/crates.io-index"
checksum = "dd26bc0e7a2e3a7c959bc494caf58b72ee0c71d67704e9520f736ca7e4853ecf"
dependencies = [
 "block-buffer",
 "byte-tools",
 "digest",
 "keccak",
 "opaque-debug 0.2.3",
]

[[package]]
name = "smallstr"
version = "0.3.0"
source = "registry+https://github.com/rust-lang/crates.io-index"
checksum = "63b1aefdf380735ff8ded0b15f31aab05daf1f70216c01c02a12926badd1df9d"
dependencies = [
 "serde",
 "smallvec",
]

[[package]]
name = "smallvec"
version = "1.11.1"
source = "registry+https://github.com/rust-lang/crates.io-index"
checksum = "942b4a808e05215192e39f4ab80813e599068285906cc91aa64f923db842bd5a"
dependencies = [
 "serde",
]

[[package]]
name = "static_assertions"
version = "1.1.0"
source = "registry+https://github.com/rust-lang/crates.io-index"
checksum = "a2eb9349b6444b326872e140eb1cf5e7c522154d69e7a0ffb0fb81c06b37543f"

[[package]]
name = "stream-cipher"
version = "0.4.1"
source = "registry+https://github.com/rust-lang/crates.io-index"
checksum = "09f8ed9974042b8c3672ff3030a69fcc03b74c47c3d1ecb7755e8a3626011e88"
dependencies = [
 "generic-array 0.14.6",
]

[[package]]
name = "strsim"
version = "0.10.0"
source = "registry+https://github.com/rust-lang/crates.io-index"
checksum = "73473c0e59e6d5812c5dfe2a064a6444949f089e20eec9a2e5506596494e4623"

[[package]]
name = "subtle"
version = "1.0.0"
source = "registry+https://github.com/rust-lang/crates.io-index"
checksum = "2d67a5a62ba6e01cb2192ff309324cb4875d0c451d55fe2319433abe7a05a8ee"

[[package]]
name = "subtle"
version = "2.4.1"
source = "registry+https://github.com/rust-lang/crates.io-index"
checksum = "6bdef32e8150c2a081110b42772ffe7d7c9032b606bc226c8260fd97e0976601"

[[package]]
name = "subtle-encoding"
version = "0.5.1"
source = "registry+https://github.com/rust-lang/crates.io-index"
checksum = "7dcb1ed7b8330c5eed5441052651dd7a12c75e2ed88f2ec024ae1fa3a5e59945"
dependencies = [
 "zeroize",
]

[[package]]
name = "syn"
version = "1.0.107"
source = "registry+https://github.com/rust-lang/crates.io-index"
checksum = "1f4064b5b16e03ae50984a5a8ed5d4f8803e6bc1fd170a3cda91a1be4b18e3f5"
dependencies = [
 "proc-macro2",
 "quote",
 "unicode-ident",
]

[[package]]
name = "syn"
version = "2.0.38"
source = "registry+https://github.com/rust-lang/crates.io-index"
checksum = "e96b79aaa137db8f61e26363a0c9b47d8b4ec75da28b7d1d614c2303e232408b"
dependencies = [
 "proc-macro2",
 "quote",
 "unicode-ident",
]

[[package]]
name = "synstructure"
version = "0.12.6"
source = "registry+https://github.com/rust-lang/crates.io-index"
checksum = "f36bdaa60a83aca3921b5259d5400cbf5e90fc51931376a9bd4a0eb79aa7210f"
dependencies = [
 "proc-macro2",
 "quote",
 "syn 1.0.107",
 "unicode-xid",
]

[[package]]
name = "thiserror"
version = "1.0.38"
source = "registry+https://github.com/rust-lang/crates.io-index"
checksum = "6a9cd18aa97d5c45c6603caea1da6628790b37f7a34b6ca89522331c5180fed0"
dependencies = [
 "thiserror-impl",
]

[[package]]
name = "thiserror-impl"
version = "1.0.38"
source = "registry+https://github.com/rust-lang/crates.io-index"
checksum = "1fb327af4685e4d03fa8cbcf1716380da910eeb2bb8be417e7f9fd3fb164f36f"
dependencies = [
 "proc-macro2",
 "quote",
 "syn 1.0.107",
]

[[package]]
name = "time"
version = "0.1.45"
source = "registry+https://github.com/rust-lang/crates.io-index"
checksum = "1b797afad3f312d1c66a56d11d0316f916356d11bd158fbc6ca6389ff6bf805a"
dependencies = [
 "libc",
 "wasi 0.10.0+wasi-snapshot-preview1",
 "winapi",
]

[[package]]
name = "toml"
version = "0.5.10"
source = "registry+https://github.com/rust-lang/crates.io-index"
checksum = "1333c76748e868a4d9d1017b5ab53171dfd095f70c712fdb4653a406547f598f"
dependencies = [
 "serde",
]

[[package]]
name = "typenum"
version = "1.16.0"
source = "registry+https://github.com/rust-lang/crates.io-index"
checksum = "497961ef93d974e23eb6f433eb5fe1b7930b659f06d12dec6fc44a8f554c0bba"

[[package]]
name = "unicode-ident"
version = "1.0.6"
source = "registry+https://github.com/rust-lang/crates.io-index"
checksum = "84a22b9f218b40614adcb3f4ff08b703773ad44fa9423e4e0d346d5db86e4ebc"

[[package]]
name = "unicode-xid"
version = "0.2.4"
source = "registry+https://github.com/rust-lang/crates.io-index"
checksum = "f962df74c8c05a667b5ee8bcf162993134c104e96440b663c8daa176dc772d8c"

[[package]]
name = "universal-hash"
version = "0.4.1"
source = "registry+https://github.com/rust-lang/crates.io-index"
checksum = "9f214e8f697e925001e66ec2c6e37a4ef93f0f78c2eed7814394e10c62025b05"
dependencies = [
 "generic-array 0.14.6",
 "subtle 2.4.1",
]

[[package]]
name = "ursa"
version = "0.3.5"
source = "registry+https://github.com/rust-lang/crates.io-index"
checksum = "42e50b5a83e303aa9e0a6affffbca0fe9444854d1c5fab409d401f1eaa9fa8b6"
dependencies = [
 "aead",
 "aes",
 "aes-gcm",
 "amcl",
 "amcl_wrapper",
 "arrayref",
 "blake2",
 "block-modes",
 "block-padding",
 "chacha20poly1305",
 "clear_on_drop",
 "curve25519-dalek",
 "ed25519-dalek",
 "failure",
 "glass_pumpkin",
 "hex",
 "hkdf",
 "hmac",
 "int_traits",
 "lazy_static",
 "libsecp256k1",
 "log",
 "num-bigint",
 "num-integer",
 "num-traits",
 "rand",
 "rand_chacha",
 "serde",
 "sha2",
 "sha3",
 "subtle 2.4.1",
 "time",
 "x25519-dalek",
 "zeroize",
]

[[package]]
name = "version_check"
version = "0.9.4"
source = "registry+https://github.com/rust-lang/crates.io-index"
checksum = "49874b5167b65d7193b8aba1567f5c7d93d001cafc34600cee003eda787e483f"

[[package]]
name = "wasi"
version = "0.9.0+wasi-snapshot-preview1"
source = "registry+https://github.com/rust-lang/crates.io-index"
checksum = "cccddf32554fecc6acb585f82a32a72e28b48f8c4c1883ddfeeeaa96f7d8e519"

[[package]]
name = "wasi"
version = "0.10.0+wasi-snapshot-preview1"
source = "registry+https://github.com/rust-lang/crates.io-index"
checksum = "1a143597ca7c7793eff794def352d41792a93c481eb1042423ff7ff72ba2c31f"

[[package]]
name = "wasm-bindgen"
version = "0.2.83"
source = "registry+https://github.com/rust-lang/crates.io-index"
checksum = "eaf9f5aceeec8be17c128b2e93e031fb8a4d469bb9c4ae2d7dc1888b26887268"
dependencies = [
 "cfg-if 1.0.0",
 "wasm-bindgen-macro",
]

[[package]]
name = "wasm-bindgen-backend"
version = "0.2.83"
source = "registry+https://github.com/rust-lang/crates.io-index"
checksum = "4c8ffb332579b0557b52d268b91feab8df3615f265d5270fec2a8c95b17c1142"
dependencies = [
 "bumpalo",
 "log",
 "once_cell",
 "proc-macro2",
 "quote",
 "syn 1.0.107",
 "wasm-bindgen-shared",
]

[[package]]
name = "wasm-bindgen-futures"
version = "0.4.33"
source = "registry+https://github.com/rust-lang/crates.io-index"
checksum = "23639446165ca5a5de86ae1d8896b737ae80319560fbaa4c2887b7da6e7ebd7d"
dependencies = [
 "cfg-if 1.0.0",
 "js-sys",
 "wasm-bindgen",
 "web-sys",
]

[[package]]
name = "wasm-bindgen-macro"
version = "0.2.83"
source = "registry+https://github.com/rust-lang/crates.io-index"
checksum = "052be0f94026e6cbc75cdefc9bae13fd6052cdcaf532fa6c45e7ae33a1e6c810"
dependencies = [
 "quote",
 "wasm-bindgen-macro-support",
]

[[package]]
name = "wasm-bindgen-macro-support"
version = "0.2.83"
source = "registry+https://github.com/rust-lang/crates.io-index"
checksum = "07bc0c051dc5f23e307b13285f9d75df86bfdf816c5721e573dec1f9b8aa193c"
dependencies = [
 "proc-macro2",
 "quote",
 "syn 1.0.107",
 "wasm-bindgen-backend",
 "wasm-bindgen-shared",
]

[[package]]
name = "wasm-bindgen-shared"
version = "0.2.83"
source = "registry+https://github.com/rust-lang/crates.io-index"
checksum = "1c38c045535d93ec4f0b4defec448e4291638ee608530863b1e2ba115d4fff7f"

[[package]]
name = "wasm-bindgen-test"
version = "0.3.33"
source = "registry+https://github.com/rust-lang/crates.io-index"
checksum = "09d2fff962180c3fadf677438054b1db62bee4aa32af26a45388af07d1287e1d"
dependencies = [
 "console_error_panic_hook",
 "js-sys",
 "scoped-tls",
 "wasm-bindgen",
 "wasm-bindgen-futures",
 "wasm-bindgen-test-macro",
]

[[package]]
name = "wasm-bindgen-test-macro"
version = "0.3.33"
source = "registry+https://github.com/rust-lang/crates.io-index"
checksum = "4683da3dfc016f704c9f82cf401520c4f1cb3ee440f7f52b3d6ac29506a49ca7"
dependencies = [
 "proc-macro2",
 "quote",
]

[[package]]
name = "web-sys"
version = "0.3.60"
source = "registry+https://github.com/rust-lang/crates.io-index"
checksum = "bcda906d8be16e728fd5adc5b729afad4e444e106ab28cd1c7256e54fa61510f"
dependencies = [
 "js-sys",
 "wasm-bindgen",
]

[[package]]
name = "wee_alloc"
version = "0.4.5"
source = "registry+https://github.com/rust-lang/crates.io-index"
checksum = "dbb3b5a6b2bb17cb6ad44a2e68a43e8d2722c997da10e928665c72ec6c0a0b8e"
dependencies = [
 "cfg-if 0.1.10",
 "libc",
 "memory_units",
 "winapi",
]

[[package]]
name = "winapi"
version = "0.3.9"
source = "registry+https://github.com/rust-lang/crates.io-index"
checksum = "5c839a674fcd7a98952e593242ea400abe93992746761e38641405d28b00f419"
dependencies = [
 "winapi-i686-pc-windows-gnu",
 "winapi-x86_64-pc-windows-gnu",
]

[[package]]
name = "winapi-i686-pc-windows-gnu"
version = "0.4.0"
source = "registry+https://github.com/rust-lang/crates.io-index"
checksum = "ac3b87c63620426dd9b991e5ce0329eff545bccbbb34f3be09ff6fb6ab51b7b6"

[[package]]
name = "winapi-x86_64-pc-windows-gnu"
version = "0.4.0"
source = "registry+https://github.com/rust-lang/crates.io-index"
checksum = "712e227841d057c1ee1cd2fb22fa7e5a5461ae8e48fa2ca79ec42cfc1931183f"

[[package]]
name = "x25519-dalek"
version = "0.6.0"
source = "registry+https://github.com/rust-lang/crates.io-index"
checksum = "637ff90c9540fa3073bb577e65033069e4bae7c79d49d74aa3ffdf5342a53217"
dependencies = [
 "curve25519-dalek",
 "rand_core",
 "zeroize",
]

[[package]]
name = "zeroize"
version = "1.3.0"
source = "registry+https://github.com/rust-lang/crates.io-index"
checksum = "4756f7db3f7b5574938c3eb1c117038b8e07f95ee6718c0efad4ac21508f1efd"
dependencies = [
 "zeroize_derive",
]

[[package]]
name = "zeroize_derive"
version = "1.3.3"
source = "registry+https://github.com/rust-lang/crates.io-index"
checksum = "44bf07cb3e50ea2003396695d58bf46bc9887a1f362260446fad6bc4e79bd36c"
dependencies = [
 "proc-macro2",
 "quote",
 "syn 1.0.107",
 "synstructure",
]
